
Microsoft Visual Studio Solution File, Format Version 12.00
# Visual Studio 15
Project("{FAE04EC0-301F-11D3-BF4B-00C04F79EFBC}") = "SteamVR", "SteamVR.csproj", "{B03C9BD7-28B2-1645-796D-F9F894465D26}"
EndProject
Project("{FAE04EC0-301F-11D3-BF4B-00C04F79EFBC}") = "SteamVR_Actions", "SteamVR_Actions.csproj", "{D241B5C5-D384-A5F1-FC70-8023ABBC4869}"
EndProject
Project("{FAE04EC0-301F-11D3-BF4B-00C04F79EFBC}") = "Assembly-CSharp", "Assembly-CSharp.csproj", "{7082710B-2410-37DB-33E7-337B3D3EF936}"
EndProject
Project("{FAE04EC0-301F-11D3-BF4B-00C04F79EFBC}") = "SteamVR_Editor", "SteamVR_Editor.csproj", "{4A3BE896-7EE7-9450-8AE0-E056AF5ABE90}"
EndProject
Project("{FAE04EC0-301F-11D3-BF4B-00C04F79EFBC}") = "SteamVR_Input_Editor", "SteamVR_Input_Editor.csproj", "{FB0497B9-4699-D3FF-D7BC-3A00AEE333D5}"
EndProject
Project("{FAE04EC0-301F-11D3-BF4B-00C04F79EFBC}") = "SteamVR_Windows_EditorHelper", "SteamVR_Windows_EditorHelper.csproj", "{8CF7D961-6A53-AB0E-3AF4-95BA558A7F51}"
EndProject
Global
	GlobalSection(SolutionConfigurationPlatforms) = preSolution
		Debug|Any CPU = Debug|Any CPU
		Release|Any CPU = Release|Any CPU
	EndGlobalSection
	GlobalSection(ProjectConfigurationPlatforms) = postSolution
		{B03C9BD7-28B2-1645-796D-F9F894465D26}.Debug|Any CPU.ActiveCfg = Debug|Any CPU
		{B03C9BD7-28B2-1645-796D-F9F894465D26}.Debug|Any CPU.Build.0 = Debug|Any CPU
		{B03C9BD7-28B2-1645-796D-F9F894465D26}.Release|Any CPU.ActiveCfg = Release|Any CPU
		{B03C9BD7-28B2-1645-796D-F9F894465D26}.Release|Any CPU.Build.0 = Release|Any CPU
		{D241B5C5-D384-A5F1-FC70-8023ABBC4869}.Debug|Any CPU.ActiveCfg = Debug|Any CPU
		{D241B5C5-D384-A5F1-FC70-8023ABBC4869}.Debug|Any CPU.Build.0 = Debug|Any CPU
		{D241B5C5-D384-A5F1-FC70-8023ABBC4869}.Release|Any CPU.ActiveCfg = Release|Any CPU
		{D241B5C5-D384-A5F1-FC70-8023ABBC4869}.Release|Any CPU.Build.0 = Release|Any CPU
		{7082710B-2410-37DB-33E7-337B3D3EF936}.Debug|Any CPU.ActiveCfg = Debug|Any CPU
		{7082710B-2410-37DB-33E7-337B3D3EF936}.Debug|Any CPU.Build.0 = Debug|Any CPU
		{7082710B-2410-37DB-33E7-337B3D3EF936}.Release|Any CPU.ActiveCfg = Release|Any CPU
		{7082710B-2410-37DB-33E7-337B3D3EF936}.Release|Any CPU.Build.0 = Release|Any CPU
		{4A3BE896-7EE7-9450-8AE0-E056AF5ABE90}.Debug|Any CPU.ActiveCfg = Debug|Any CPU
		{4A3BE896-7EE7-9450-8AE0-E056AF5ABE90}.Debug|Any CPU.Build.0 = Debug|Any CPU
		{4A3BE896-7EE7-9450-8AE0-E056AF5ABE90}.Release|Any CPU.ActiveCfg = Release|Any CPU
		{4A3BE896-7EE7-9450-8AE0-E056AF5ABE90}.Release|Any CPU.Build.0 = Release|Any CPU
		{FB0497B9-4699-D3FF-D7BC-3A00AEE333D5}.Debug|Any CPU.ActiveCfg = Debug|Any CPU
		{FB0497B9-4699-D3FF-D7BC-3A00AEE333D5}.Debug|Any CPU.Build.0 = Debug|Any CPU
		{FB0497B9-4699-D3FF-D7BC-3A00AEE333D5}.Release|Any CPU.ActiveCfg = Release|Any CPU
		{FB0497B9-4699-D3FF-D7BC-3A00AEE333D5}.Release|Any CPU.Build.0 = Release|Any CPU
		{8CF7D961-6A53-AB0E-3AF4-95BA558A7F51}.Debug|Any CPU.ActiveCfg = Debug|Any CPU
		{8CF7D961-6A53-AB0E-3AF4-95BA558A7F51}.Debug|Any CPU.Build.0 = Debug|Any CPU
		{8CF7D961-6A53-AB0E-3AF4-95BA558A7F51}.Release|Any CPU.ActiveCfg = Release|Any CPU
		{8CF7D961-6A53-AB0E-3AF4-95BA558A7F51}.Release|Any CPU.Build.0 = Release|Any CPU
	EndGlobalSection
	GlobalSection(SolutionProperties) = preSolution
		HideSolutionNode = FALSE
	EndGlobalSection
EndGlobal
